
Microsoft Visual Studio Solution File, Format Version 12.00
# Visual Studio Version 16
VisualStudioVersion = 16.0.29609.76
MinimumVisualStudioVersion = 10.0.40219.1
Project("{9A19103F-16F7-4668-BE54-9A1E7A4F7556}") = "TrendencyDemo.Web", "DrendencyDemo.Web\TrendencyDemo.Web.csproj", "{2E94A0F5-8D3D-4239-8ACB-10AD6A87AEA5}"
EndProject
Project("{9A19103F-16F7-4668-BE54-9A1E7A4F7556}") = "TrendencyDemo.Dal", "TrendencyDemo.Dal\TrendencyDemo.Dal.csproj", "{1297D0BD-C0EF-4F2E-9E8A-A11A4DF6CD40}"
EndProject
Project("{9A19103F-16F7-4668-BE54-9A1E7A4F7556}") = "TrendencyDemo.Common", "TrendencyDemo.Common\TrendencyDemo.Common.csproj", "{AF1C561F-696E-4825-A7AB-F1B0DB95EFFF}"
EndProject
Project("{2150E333-8FDC-42A3-9474-1A3956D46DE8}") = "Bll", "Bll", "{2BE5019F-7683-4235-BC0B-33EDA6FC2D48}"
EndProject
Project("{FAE04EC0-301F-11D3-BF4B-00C04F79EFBC}") = "TrendencyDemo.CommonModule", "TrendencyDemo.CommonModule\TrendencyDemo.CommonModule.csproj", "{52F844BF-CEB3-4414-872D-A3EC2B144659}"
EndProject
Global
	GlobalSection(SolutionConfigurationPlatforms) = preSolution
		Debug|Any CPU = Debug|Any CPU
		Release|Any CPU = Release|Any CPU
	EndGlobalSection
	GlobalSection(ProjectConfigurationPlatforms) = postSolution
		{2E94A0F5-8D3D-4239-8ACB-10AD6A87AEA5}.Debug|Any CPU.ActiveCfg = Debug|Any CPU
		{2E94A0F5-8D3D-4239-8ACB-10AD6A87AEA5}.Debug|Any CPU.Build.0 = Debug|Any CPU
		{2E94A0F5-8D3D-4239-8ACB-10AD6A87AEA5}.Release|Any CPU.ActiveCfg = Release|Any CPU
		{2E94A0F5-8D3D-4239-8ACB-10AD6A87AEA5}.Release|Any CPU.Build.0 = Release|Any CPU
		{1297D0BD-C0EF-4F2E-9E8A-A11A4DF6CD40}.Debug|Any CPU.ActiveCfg = Debug|Any CPU
		{1297D0BD-C0EF-4F2E-9E8A-A11A4DF6CD40}.Debug|Any CPU.Build.0 = Debug|Any CPU
		{1297D0BD-C0EF-4F2E-9E8A-A11A4DF6CD40}.Release|Any CPU.ActiveCfg = Release|Any CPU
		{1297D0BD-C0EF-4F2E-9E8A-A11A4DF6CD40}.Release|Any CPU.Build.0 = Release|Any CPU
		{AF1C561F-696E-4825-A7AB-F1B0DB95EFFF}.Debug|Any CPU.ActiveCfg = Debug|Any CPU
		{AF1C561F-696E-4825-A7AB-F1B0DB95EFFF}.Debug|Any CPU.Build.0 = Debug|Any CPU
		{AF1C561F-696E-4825-A7AB-F1B0DB95EFFF}.Release|Any CPU.ActiveCfg = Release|Any CPU
		{AF1C561F-696E-4825-A7AB-F1B0DB95EFFF}.Release|Any CPU.Build.0 = Release|Any CPU
		{52F844BF-CEB3-4414-872D-A3EC2B144659}.Debug|Any CPU.ActiveCfg = Debug|Any CPU
		{52F844BF-CEB3-4414-872D-A3EC2B144659}.Debug|Any CPU.Build.0 = Debug|Any CPU
		{52F844BF-CEB3-4414-872D-A3EC2B144659}.Release|Any CPU.ActiveCfg = Release|Any CPU
		{52F844BF-CEB3-4414-872D-A3EC2B144659}.Release|Any CPU.Build.0 = Release|Any CPU
	EndGlobalSection
	GlobalSection(SolutionProperties) = preSolution
		HideSolutionNode = FALSE
	EndGlobalSection
	GlobalSection(NestedProjects) = preSolution
		{52F844BF-CEB3-4414-872D-A3EC2B144659} = {2BE5019F-7683-4235-BC0B-33EDA6FC2D48}
	EndGlobalSection
	GlobalSection(ExtensibilityGlobals) = postSolution
		SolutionGuid = {7C5B2ECD-9436-47F2-9508-37FDF986EC2F}
	EndGlobalSection
EndGlobal
